// !$*UTF8*$!
{
	archiveVersion = 1;
	classes = {
	};
	objectVersion = 56;
	objects = {

/* Begin PBXBuildFile section */
		A1A364FF2A9845A500C929C1 /* BikeTrackApp.swift in Sources */ = {isa = PBXBuildFile; fileRef = A1A364FE2A9845A500C929C1 /* BikeTrackApp.swift */; };
		A1A365012A9845A500C929C1 /* ContentView.swift in Sources */ = {isa = PBXBuildFile; fileRef = A1A365002A9845A500C929C1 /* ContentView.swift */; };
		A1A365032A9845A600C929C1 /* Assets.xcassets in Resources */ = {isa = PBXBuildFile; fileRef = A1A365022A9845A600C929C1 /* Assets.xcassets */; };
		A1A365072A9845A600C929C1 /* Preview Assets.xcassets in Resources */ = {isa = PBXBuildFile; fileRef = A1A365062A9845A600C929C1 /* Preview Assets.xcassets */; };
		A1A365112A9845A600C929C1 /* BikeTrackTests.swift in Sources */ = {isa = PBXBuildFile; fileRef = A1A365102A9845A600C929C1 /* BikeTrackTests.swift */; };
		A1A3651B2A9845A600C929C1 /* BikeTrackUITests.swift in Sources */ = {isa = PBXBuildFile; fileRef = A1A3651A2A9845A600C929C1 /* BikeTrackUITests.swift */; };
		A1A3651D2A9845A600C929C1 /* BikeTrackUITestsLaunchTests.swift in Sources */ = {isa = PBXBuildFile; fileRef = A1A3651C2A9845A600C929C1 /* BikeTrackUITestsLaunchTests.swift */; };
		A1A3652E2A9847F800C929C1 /* UserService.swift in Sources */ = {isa = PBXBuildFile; fileRef = A1A3652D2A9847F800C929C1 /* UserService.swift */; };
		A1A365302A98484100C929C1 /* AppEnvironment.swift in Sources */ = {isa = PBXBuildFile; fileRef = A1A3652F2A98484100C929C1 /* AppEnvironment.swift */; };
		A1A365312A9848AC00C929C1 /* MockAuthRepository.swift in Sources */ = {isa = PBXBuildFile; fileRef = A1A3652B2A98463C00C929C1 /* MockAuthRepository.swift */; };
		A1A365322A9848AC00C929C1 /* AuthRepository.swift in Sources */ = {isa = PBXBuildFile; fileRef = A1A3652C2A98463C00C929C1 /* AuthRepository.swift */; };
		A1A365352A98495F00C929C1 /* Model.swift in Sources */ = {isa = PBXBuildFile; fileRef = A1A365342A98495F00C929C1 /* Model.swift */; };
		A1A365372A984DD200C929C1 /* AuthorisedContentView.swift in Sources */ = {isa = PBXBuildFile; fileRef = A1A365362A984DD200C929C1 /* AuthorisedContentView.swift */; };
		A1A365392A984E2100C929C1 /* ContentService.swift in Sources */ = {isa = PBXBuildFile; fileRef = A1A365382A984E2100C929C1 /* ContentService.swift */; };
		A1A3653C2A984EDC00C929C1 /* ContentRepository.swift in Sources */ = {isa = PBXBuildFile; fileRef = A1A3653B2A984EDC00C929C1 /* ContentRepository.swift */; };
		A1A3653E2A98520600C929C1 /* InMemoryContentRepository.swift in Sources */ = {isa = PBXBuildFile; fileRef = A1A3653D2A98520600C929C1 /* InMemoryContentRepository.swift */; };
		A1A365402A98551B00C929C1 /* ContentService+Preview.swift in Sources */ = {isa = PBXBuildFile; fileRef = A1A3653F2A98551B00C929C1 /* ContentService+Preview.swift */; };
		A1A365422A98554300C929C1 /* Model+Preview.swift in Sources */ = {isa = PBXBuildFile; fileRef = A1A365412A98554300C929C1 /* Model+Preview.swift */; };
		A1A365442A985DAD00C929C1 /* OnboardingView.swift in Sources */ = {isa = PBXBuildFile; fileRef = A1A365432A985DAD00C929C1 /* OnboardingView.swift */; };
		A1A365462A9863F600C929C1 /* UserService+Preview.swift in Sources */ = {isa = PBXBuildFile; fileRef = A1A365452A9863F600C929C1 /* UserService+Preview.swift */; };
		A1A365492A9888BD00C929C1 /* WelcomeView.swift in Sources */ = {isa = PBXBuildFile; fileRef = A1A365482A9888BD00C929C1 /* WelcomeView.swift */; };
		A1A3654B2A9888CA00C929C1 /* SignInView.swift in Sources */ = {isa = PBXBuildFile; fileRef = A1A3654A2A9888CA00C929C1 /* SignInView.swift */; };
		A1A3654D2A9888D300C929C1 /* SignUpView.swift in Sources */ = {isa = PBXBuildFile; fileRef = A1A3654C2A9888D300C929C1 /* SignUpView.swift */; };
		A1A3654F2A98901C00C929C1 /* LogoView.swift in Sources */ = {isa = PBXBuildFile; fileRef = A1A3654E2A98901C00C929C1 /* LogoView.swift */; };
		A1A365512A989AE100C929C1 /* CredentialFormView.swift in Sources */ = {isa = PBXBuildFile; fileRef = A1A365502A989AE100C929C1 /* CredentialFormView.swift */; };
/* End PBXBuildFile section */

/* Begin PBXContainerItemProxy section */
		A1A3650D2A9845A600C929C1 /* PBXContainerItemProxy */ = {
			isa = PBXContainerItemProxy;
			containerPortal = A1A364F32A9845A500C929C1 /* Project object */;
			proxyType = 1;
			remoteGlobalIDString = A1A364FA2A9845A500C929C1;
			remoteInfo = BikeTrack;
		};
		A1A365172A9845A600C929C1 /* PBXContainerItemProxy */ = {
			isa = PBXContainerItemProxy;
			containerPortal = A1A364F32A9845A500C929C1 /* Project object */;
			proxyType = 1;
			remoteGlobalIDString = A1A364FA2A9845A500C929C1;
			remoteInfo = BikeTrack;
		};
/* End PBXContainerItemProxy section */

/* Begin PBXFileReference section */
		A1A364FB2A9845A500C929C1 /* BikeTrack.app */ = {isa = PBXFileReference; explicitFileType = wrapper.application; includeInIndex = 0; path = BikeTrack.app; sourceTree = BUILT_PRODUCTS_DIR; };
		A1A364FE2A9845A500C929C1 /* BikeTrackApp.swift */ = {isa = PBXFileReference; lastKnownFileType = sourcecode.swift; path = BikeTrackApp.swift; sourceTree = "<group>"; };
		A1A365002A9845A500C929C1 /* ContentView.swift */ = {isa = PBXFileReference; lastKnownFileType = sourcecode.swift; path = ContentView.swift; sourceTree = "<group>"; };
		A1A365022A9845A600C929C1 /* Assets.xcassets */ = {isa = PBXFileReference; lastKnownFileType = folder.assetcatalog; path = Assets.xcassets; sourceTree = "<group>"; };
		A1A365042A9845A600C929C1 /* BikeTrack.entitlements */ = {isa = PBXFileReference; lastKnownFileType = text.plist.entitlements; path = BikeTrack.entitlements; sourceTree = "<group>"; };
		A1A365062A9845A600C929C1 /* Preview Assets.xcassets */ = {isa = PBXFileReference; lastKnownFileType = folder.assetcatalog; path = "Preview Assets.xcassets"; sourceTree = "<group>"; };
		A1A3650C2A9845A600C929C1 /* BikeTrackTests.xctest */ = {isa = PBXFileReference; explicitFileType = wrapper.cfbundle; includeInIndex = 0; path = BikeTrackTests.xctest; sourceTree = BUILT_PRODUCTS_DIR; };
		A1A365102A9845A600C929C1 /* BikeTrackTests.swift */ = {isa = PBXFileReference; lastKnownFileType = sourcecode.swift; path = BikeTrackTests.swift; sourceTree = "<group>"; };
		A1A365162A9845A600C929C1 /* BikeTrackUITests.xctest */ = {isa = PBXFileReference; explicitFileType = wrapper.cfbundle; includeInIndex = 0; path = BikeTrackUITests.xctest; sourceTree = BUILT_PRODUCTS_DIR; };
		A1A3651A2A9845A600C929C1 /* BikeTrackUITests.swift */ = {isa = PBXFileReference; lastKnownFileType = sourcecode.swift; path = BikeTrackUITests.swift; sourceTree = "<group>"; };
		A1A3651C2A9845A600C929C1 /* BikeTrackUITestsLaunchTests.swift */ = {isa = PBXFileReference; lastKnownFileType = sourcecode.swift; path = BikeTrackUITestsLaunchTests.swift; sourceTree = "<group>"; };
		A1A3652B2A98463C00C929C1 /* MockAuthRepository.swift */ = {isa = PBXFileReference; lastKnownFileType = sourcecode.swift; path = MockAuthRepository.swift; sourceTree = "<group>"; };
		A1A3652C2A98463C00C929C1 /* AuthRepository.swift */ = {isa = PBXFileReference; lastKnownFileType = sourcecode.swift; path = AuthRepository.swift; sourceTree = "<group>"; };
		A1A3652D2A9847F800C929C1 /* UserService.swift */ = {isa = PBXFileReference; lastKnownFileType = sourcecode.swift; path = UserService.swift; sourceTree = "<group>"; };
		A1A3652F2A98484100C929C1 /* AppEnvironment.swift */ = {isa = PBXFileReference; lastKnownFileType = sourcecode.swift; path = AppEnvironment.swift; sourceTree = "<group>"; };
		A1A365342A98495F00C929C1 /* Model.swift */ = {isa = PBXFileReference; lastKnownFileType = sourcecode.swift; path = Model.swift; sourceTree = "<group>"; };
		A1A365362A984DD200C929C1 /* AuthorisedContentView.swift */ = {isa = PBXFileReference; lastKnownFileType = sourcecode.swift; path = AuthorisedContentView.swift; sourceTree = "<group>"; };
		A1A365382A984E2100C929C1 /* ContentService.swift */ = {isa = PBXFileReference; lastKnownFileType = sourcecode.swift; path = ContentService.swift; sourceTree = "<group>"; };
		A1A3653B2A984EDC00C929C1 /* ContentRepository.swift */ = {isa = PBXFileReference; lastKnownFileType = sourcecode.swift; path = ContentRepository.swift; sourceTree = "<group>"; };
		A1A3653D2A98520600C929C1 /* InMemoryContentRepository.swift */ = {isa = PBXFileReference; lastKnownFileType = sourcecode.swift; path = InMemoryContentRepository.swift; sourceTree = "<group>"; };
		A1A3653F2A98551B00C929C1 /* ContentService+Preview.swift */ = {isa = PBXFileReference; lastKnownFileType = sourcecode.swift; path = "ContentService+Preview.swift"; sourceTree = "<group>"; };
		A1A365412A98554300C929C1 /* Model+Preview.swift */ = {isa = PBXFileReference; lastKnownFileType = sourcecode.swift; path = "Model+Preview.swift"; sourceTree = "<group>"; };
		A1A365432A985DAD00C929C1 /* OnboardingView.swift */ = {isa = PBXFileReference; lastKnownFileType = sourcecode.swift; path = OnboardingView.swift; sourceTree = "<group>"; };
		A1A365452A9863F600C929C1 /* UserService+Preview.swift */ = {isa = PBXFileReference; lastKnownFileType = sourcecode.swift; path = "UserService+Preview.swift"; sourceTree = "<group>"; };
		A1A365482A9888BD00C929C1 /* WelcomeView.swift */ = {isa = PBXFileReference; lastKnownFileType = sourcecode.swift; path = WelcomeView.swift; sourceTree = "<group>"; };
		A1A3654A2A9888CA00C929C1 /* SignInView.swift */ = {isa = PBXFileReference; lastKnownFileType = sourcecode.swift; path = SignInView.swift; sourceTree = "<group>"; };
		A1A3654C2A9888D300C929C1 /* SignUpView.swift */ = {isa = PBXFileReference; lastKnownFileType = sourcecode.swift; path = SignUpView.swift; sourceTree = "<group>"; };
		A1A3654E2A98901C00C929C1 /* LogoView.swift */ = {isa = PBXFileReference; lastKnownFileType = sourcecode.swift; path = LogoView.swift; sourceTree = "<group>"; };
		A1A365502A989AE100C929C1 /* CredentialFormView.swift */ = {isa = PBXFileReference; lastKnownFileType = sourcecode.swift; path = CredentialFormView.swift; sourceTree = "<group>"; };
/* End PBXFileReference section */

/* Begin PBXFrameworksBuildPhase section */
		A1A364F82A9845A500C929C1 /* Frameworks */ = {
			isa = PBXFrameworksBuildPhase;
			buildActionMask = 2147483647;
			files = (
			);
			runOnlyForDeploymentPostprocessing = 0;
		};
		A1A365092A9845A600C929C1 /* Frameworks */ = {
			isa = PBXFrameworksBuildPhase;
			buildActionMask = 2147483647;
			files = (
			);
			runOnlyForDeploymentPostprocessing = 0;
		};
		A1A365132A9845A600C929C1 /* Frameworks */ = {
			isa = PBXFrameworksBuildPhase;
			buildActionMask = 2147483647;
			files = (
			);
			runOnlyForDeploymentPostprocessing = 0;
		};
/* End PBXFrameworksBuildPhase section */

/* Begin PBXGroup section */
		A1A364F22A9845A500C929C1 = {
			isa = PBXGroup;
			children = (
				A1A364FD2A9845A500C929C1 /* BikeTrack */,
				A1A3650F2A9845A600C929C1 /* BikeTrackTests */,
				A1A365192A9845A600C929C1 /* BikeTrackUITests */,
				A1A364FC2A9845A500C929C1 /* Products */,
			);
			sourceTree = "<group>";
		};
		A1A364FC2A9845A500C929C1 /* Products */ = {
			isa = PBXGroup;
			children = (
				A1A364FB2A9845A500C929C1 /* BikeTrack.app */,
				A1A3650C2A9845A600C929C1 /* BikeTrackTests.xctest */,
				A1A365162A9845A600C929C1 /* BikeTrackUITests.xctest */,
			);
			name = Products;
			sourceTree = "<group>";
		};
		A1A364FD2A9845A500C929C1 /* BikeTrack */ = {
			isa = PBXGroup;
			children = (
				A1A364FE2A9845A500C929C1 /* BikeTrackApp.swift */,
				A1A3652D2A9847F800C929C1 /* UserService.swift */,
				A1A365382A984E2100C929C1 /* ContentService.swift */,
				A1A365332A98495000C929C1 /* Model */,
				A1A3652A2A9845F400C929C1 /* AuthRepository */,
				A1A3653A2A984EB900C929C1 /* ContentRepository */,
				A1A365292A9845B000C929C1 /* Views */,
				A1A365022A9845A600C929C1 /* Assets.xcassets */,
				A1A365042A9845A600C929C1 /* BikeTrack.entitlements */,
				A1A365052A9845A600C929C1 /* Preview Content */,
				A1A3652F2A98484100C929C1 /* AppEnvironment.swift */,
			);
			path = BikeTrack;
			sourceTree = "<group>";
		};
		A1A365052A9845A600C929C1 /* Preview Content */ = {
			isa = PBXGroup;
			children = (
				A1A365062A9845A600C929C1 /* Preview Assets.xcassets */,
				A1A365412A98554300C929C1 /* Model+Preview.swift */,
				A1A3653F2A98551B00C929C1 /* ContentService+Preview.swift */,
				A1A365452A9863F600C929C1 /* UserService+Preview.swift */,
			);
			path = "Preview Content";
			sourceTree = "<group>";
		};
		A1A3650F2A9845A600C929C1 /* BikeTrackTests */ = {
			isa = PBXGroup;
			children = (
				A1A365102A9845A600C929C1 /* BikeTrackTests.swift */,
			);
			path = BikeTrackTests;
			sourceTree = "<group>";
		};
		A1A365192A9845A600C929C1 /* BikeTrackUITests */ = {
			isa = PBXGroup;
			children = (
				A1A3651A2A9845A600C929C1 /* BikeTrackUITests.swift */,
				A1A3651C2A9845A600C929C1 /* BikeTrackUITestsLaunchTests.swift */,
			);
			path = BikeTrackUITests;
			sourceTree = "<group>";
		};
		A1A365292A9845B000C929C1 /* Views */ = {
			isa = PBXGroup;
			children = (
				A1A365002A9845A500C929C1 /* ContentView.swift */,
				A1A365472A98888C00C929C1 /* Onboarding */,
				A1A365362A984DD200C929C1 /* AuthorisedContentView.swift */,
			);
			path = Views;
			sourceTree = "<group>";
		};
		A1A3652A2A9845F400C929C1 /* AuthRepository */ = {
			isa = PBXGroup;
			children = (
				A1A3652C2A98463C00C929C1 /* AuthRepository.swift */,
				A1A3652B2A98463C00C929C1 /* MockAuthRepository.swift */,
			);
			path = AuthRepository;
			sourceTree = "<group>";
		};
		A1A365332A98495000C929C1 /* Model */ = {
			isa = PBXGroup;
			children = (
				A1A365342A98495F00C929C1 /* Model.swift */,
			);
			path = Model;
			sourceTree = "<group>";
		};
		A1A3653A2A984EB900C929C1 /* ContentRepository */ = {
			isa = PBXGroup;
			children = (
				A1A3653B2A984EDC00C929C1 /* ContentRepository.swift */,
				A1A3653D2A98520600C929C1 /* InMemoryContentRepository.swift */,
			);
			path = ContentRepository;
			sourceTree = "<group>";
		};
		A1A365472A98888C00C929C1 /* Onboarding */ = {
			isa = PBXGroup;
			children = (
				A1A365432A985DAD00C929C1 /* OnboardingView.swift */,
				A1A365482A9888BD00C929C1 /* WelcomeView.swift */,
				A1A3654A2A9888CA00C929C1 /* SignInView.swift */,
				A1A3654C2A9888D300C929C1 /* SignUpView.swift */,
				A1A3654E2A98901C00C929C1 /* LogoView.swift */,
				A1A365502A989AE100C929C1 /* CredentialFormView.swift */,
			);
			path = Onboarding;
			sourceTree = "<group>";
		};
/* End PBXGroup section */

/* Begin PBXNativeTarget section */
		A1A364FA2A9845A500C929C1 /* BikeTrack */ = {
			isa = PBXNativeTarget;
			buildConfigurationList = A1A365202A9845A600C929C1 /* Build configuration list for PBXNativeTarget "BikeTrack" */;
			buildPhases = (
				A1A364F72A9845A500C929C1 /* Sources */,
				A1A364F82A9845A500C929C1 /* Frameworks */,
				A1A364F92A9845A500C929C1 /* Resources */,
			);
			buildRules = (
			);
			dependencies = (
			);
			name = BikeTrack;
			productName = BikeTrack;
			productReference = A1A364FB2A9845A500C929C1 /* BikeTrack.app */;
			productType = "com.apple.product-type.application";
		};
		A1A3650B2A9845A600C929C1 /* BikeTrackTests */ = {
			isa = PBXNativeTarget;
			buildConfigurationList = A1A365232A9845A600C929C1 /* Build configuration list for PBXNativeTarget "BikeTrackTests" */;
			buildPhases = (
				A1A365082A9845A600C929C1 /* Sources */,
				A1A365092A9845A600C929C1 /* Frameworks */,
				A1A3650A2A9845A600C929C1 /* Resources */,
			);
			buildRules = (
			);
			dependencies = (
				A1A3650E2A9845A600C929C1 /* PBXTargetDependency */,
			);
			name = BikeTrackTests;
			productName = BikeTrackTests;
			productReference = A1A3650C2A9845A600C929C1 /* BikeTrackTests.xctest */;
			productType = "com.apple.product-type.bundle.unit-test";
		};
		A1A365152A9845A600C929C1 /* BikeTrackUITests */ = {
			isa = PBXNativeTarget;
			buildConfigurationList = A1A365262A9845A600C929C1 /* Build configuration list for PBXNativeTarget "BikeTrackUITests" */;
			buildPhases = (
				A1A365122A9845A600C929C1 /* Sources */,
				A1A365132A9845A600C929C1 /* Frameworks */,
				A1A365142A9845A600C929C1 /* Resources */,
			);
			buildRules = (
			);
			dependencies = (
				A1A365182A9845A600C929C1 /* PBXTargetDependency */,
			);
			name = BikeTrackUITests;
			productName = BikeTrackUITests;
			productReference = A1A365162A9845A600C929C1 /* BikeTrackUITests.xctest */;
			productType = "com.apple.product-type.bundle.ui-testing";
		};
/* End PBXNativeTarget section */

/* Begin PBXProject section */
		A1A364F32A9845A500C929C1 /* Project object */ = {
			isa = PBXProject;
			attributes = {
				BuildIndependentTargetsInParallel = 1;
				LastSwiftUpdateCheck = 1430;
				LastUpgradeCheck = 1430;
				TargetAttributes = {
					A1A364FA2A9845A500C929C1 = {
						CreatedOnToolsVersion = 14.3.1;
					};
					A1A3650B2A9845A600C929C1 = {
						CreatedOnToolsVersion = 14.3.1;
						TestTargetID = A1A364FA2A9845A500C929C1;
					};
					A1A365152A9845A600C929C1 = {
						CreatedOnToolsVersion = 14.3.1;
						TestTargetID = A1A364FA2A9845A500C929C1;
					};
				};
			};
			buildConfigurationList = A1A364F62A9845A500C929C1 /* Build configuration list for PBXProject "BikeTrack" */;
			compatibilityVersion = "Xcode 14.0";
			developmentRegion = en;
			hasScannedForEncodings = 0;
			knownRegions = (
				en,
				Base,
			);
			mainGroup = A1A364F22A9845A500C929C1;
			productRefGroup = A1A364FC2A9845A500C929C1 /* Products */;
			projectDirPath = "";
			projectRoot = "";
			targets = (
				A1A364FA2A9845A500C929C1 /* BikeTrack */,
				A1A3650B2A9845A600C929C1 /* BikeTrackTests */,
				A1A365152A9845A600C929C1 /* BikeTrackUITests */,
			);
		};
/* End PBXProject section */

/* Begin PBXResourcesBuildPhase section */
		A1A364F92A9845A500C929C1 /* Resources */ = {
			isa = PBXResourcesBuildPhase;
			buildActionMask = 2147483647;
			files = (
				A1A365072A9845A600C929C1 /* Preview Assets.xcassets in Resources */,
				A1A365032A9845A600C929C1 /* Assets.xcassets in Resources */,
			);
			runOnlyForDeploymentPostprocessing = 0;
		};
		A1A3650A2A9845A600C929C1 /* Resources */ = {
			isa = PBXResourcesBuildPhase;
			buildActionMask = 2147483647;
			files = (
			);
			runOnlyForDeploymentPostprocessing = 0;
		};
		A1A365142A9845A600C929C1 /* Resources */ = {
			isa = PBXResourcesBuildPhase;
			buildActionMask = 2147483647;
			files = (
			);
			runOnlyForDeploymentPostprocessing = 0;
		};
/* End PBXResourcesBuildPhase section */

/* Begin PBXSourcesBuildPhase section */
		A1A364F72A9845A500C929C1 /* Sources */ = {
			isa = PBXSourcesBuildPhase;
			buildActionMask = 2147483647;
			files = (
				A1A365352A98495F00C929C1 /* Model.swift in Sources */,
				A1A3652E2A9847F800C929C1 /* UserService.swift in Sources */,
				A1A365392A984E2100C929C1 /* ContentService.swift in Sources */,
				A1A365492A9888BD00C929C1 /* WelcomeView.swift in Sources */,
				A1A365302A98484100C929C1 /* AppEnvironment.swift in Sources */,
				A1A365012A9845A500C929C1 /* ContentView.swift in Sources */,
				A1A3654B2A9888CA00C929C1 /* SignInView.swift in Sources */,
				A1A3654F2A98901C00C929C1 /* LogoView.swift in Sources */,
				A1A3653C2A984EDC00C929C1 /* ContentRepository.swift in Sources */,
				A1A365512A989AE100C929C1 /* CredentialFormView.swift in Sources */,
				A1A365372A984DD200C929C1 /* AuthorisedContentView.swift in Sources */,
				A1A365462A9863F600C929C1 /* UserService+Preview.swift in Sources */,
				A1A365322A9848AC00C929C1 /* AuthRepository.swift in Sources */,
				A1A365402A98551B00C929C1 /* ContentService+Preview.swift in Sources */,
				A1A364FF2A9845A500C929C1 /* BikeTrackApp.swift in Sources */,
				A1A365422A98554300C929C1 /* Model+Preview.swift in Sources */,
				A1A3653E2A98520600C929C1 /* InMemoryContentRepository.swift in Sources */,
				A1A365312A9848AC00C929C1 /* MockAuthRepository.swift in Sources */,
				A1A3654D2A9888D300C929C1 /* SignUpView.swift in Sources */,
				A1A365442A985DAD00C929C1 /* OnboardingView.swift in Sources */,
			);
			runOnlyForDeploymentPostprocessing = 0;
		};
		A1A365082A9845A600C929C1 /* Sources */ = {
			isa = PBXSourcesBuildPhase;
			buildActionMask = 2147483647;
			files = (
				A1A365112A9845A600C929C1 /* BikeTrackTests.swift in Sources */,
			);
			runOnlyForDeploymentPostprocessing = 0;
		};
		A1A365122A9845A600C929C1 /* Sources */ = {
			isa = PBXSourcesBuildPhase;
			buildActionMask = 2147483647;
			files = (
				A1A3651B2A9845A600C929C1 /* BikeTrackUITests.swift in Sources */,
				A1A3651D2A9845A600C929C1 /* BikeTrackUITestsLaunchTests.swift in Sources */,
			);
			runOnlyForDeploymentPostprocessing = 0;
		};
/* End PBXSourcesBuildPhase section */

/* Begin PBXTargetDependency section */
		A1A3650E2A9845A600C929C1 /* PBXTargetDependency */ = {
			isa = PBXTargetDependency;
			target = A1A364FA2A9845A500C929C1 /* BikeTrack */;
			targetProxy = A1A3650D2A9845A600C929C1 /* PBXContainerItemProxy */;
		};
		A1A365182A9845A600C929C1 /* PBXTargetDependency */ = {
			isa = PBXTargetDependency;
			target = A1A364FA2A9845A500C929C1 /* BikeTrack */;
			targetProxy = A1A365172A9845A600C929C1 /* PBXContainerItemProxy */;
		};
/* End PBXTargetDependency section */

/* Begin XCBuildConfiguration section */
		A1A3651E2A9845A600C929C1 /* Debug */ = {
			isa = XCBuildConfiguration;
			buildSettings = {
				ALWAYS_SEARCH_USER_PATHS = NO;
				CLANG_ANALYZER_NONNULL = YES;
				CLANG_ANALYZER_NUMBER_OBJECT_CONVERSION = YES_AGGRESSIVE;
				CLANG_CXX_LANGUAGE_STANDARD = "gnu++20";
				CLANG_ENABLE_MODULES = YES;
				CLANG_ENABLE_OBJC_ARC = YES;
				CLANG_ENABLE_OBJC_WEAK = YES;
				CLANG_WARN_BLOCK_CAPTURE_AUTORELEASING = YES;
				CLANG_WARN_BOOL_CONVERSION = YES;
				CLANG_WARN_COMMA = YES;
				CLANG_WARN_CONSTANT_CONVERSION = YES;
				CLANG_WARN_DEPRECATED_OBJC_IMPLEMENTATIONS = YES;
				CLANG_WARN_DIRECT_OBJC_ISA_USAGE = YES_ERROR;
				CLANG_WARN_DOCUMENTATION_COMMENTS = YES;
				CLANG_WARN_EMPTY_BODY = YES;
				CLANG_WARN_ENUM_CONVERSION = YES;
				CLANG_WARN_INFINITE_RECURSION = YES;
				CLANG_WARN_INT_CONVERSION = YES;
				CLANG_WARN_NON_LITERAL_NULL_CONVERSION = YES;
				CLANG_WARN_OBJC_IMPLICIT_RETAIN_SELF = YES;
				CLANG_WARN_OBJC_LITERAL_CONVERSION = YES;
				CLANG_WARN_OBJC_ROOT_CLASS = YES_ERROR;
				CLANG_WARN_QUOTED_INCLUDE_IN_FRAMEWORK_HEADER = YES;
				CLANG_WARN_RANGE_LOOP_ANALYSIS = YES;
				CLANG_WARN_STRICT_PROTOTYPES = YES;
				CLANG_WARN_SUSPICIOUS_MOVE = YES;
				CLANG_WARN_UNGUARDED_AVAILABILITY = YES_AGGRESSIVE;
				CLANG_WARN_UNREACHABLE_CODE = YES;
				CLANG_WARN__DUPLICATE_METHOD_MATCH = YES;
				COPY_PHASE_STRIP = NO;
				DEBUG_INFORMATION_FORMAT = dwarf;
				ENABLE_STRICT_OBJC_MSGSEND = YES;
				ENABLE_TESTABILITY = YES;
				GCC_C_LANGUAGE_STANDARD = gnu11;
				GCC_DYNAMIC_NO_PIC = NO;
				GCC_NO_COMMON_BLOCKS = YES;
				GCC_OPTIMIZATION_LEVEL = 0;
				GCC_PREPROCESSOR_DEFINITIONS = (
					"DEBUG=1",
					"$(inherited)",
				);
				GCC_WARN_64_TO_32_BIT_CONVERSION = YES;
				GCC_WARN_ABOUT_RETURN_TYPE = YES_ERROR;
				GCC_WARN_UNDECLARED_SELECTOR = YES;
				GCC_WARN_UNINITIALIZED_AUTOS = YES_AGGRESSIVE;
				GCC_WARN_UNUSED_FUNCTION = YES;
				GCC_WARN_UNUSED_VARIABLE = YES;
				MTL_ENABLE_DEBUG_INFO = INCLUDE_SOURCE;
				MTL_FAST_MATH = YES;
				ONLY_ACTIVE_ARCH = YES;
				SWIFT_ACTIVE_COMPILATION_CONDITIONS = DEBUG;
				SWIFT_OPTIMIZATION_LEVEL = "-Onone";
			};
			name = Debug;
		};
		A1A3651F2A9845A600C929C1 /* Release */ = {
			isa = XCBuildConfiguration;
			buildSettings = {
				ALWAYS_SEARCH_USER_PATHS = NO;
				CLANG_ANALYZER_NONNULL = YES;
				CLANG_ANALYZER_NUMBER_OBJECT_CONVERSION = YES_AGGRESSIVE;
				CLANG_CXX_LANGUAGE_STANDARD = "gnu++20";
				CLANG_ENABLE_MODULES = YES;
				CLANG_ENABLE_OBJC_ARC = YES;
				CLANG_ENABLE_OBJC_WEAK = YES;
				CLANG_WARN_BLOCK_CAPTURE_AUTORELEASING = YES;
				CLANG_WARN_BOOL_CONVERSION = YES;
				CLANG_WARN_COMMA = YES;
				CLANG_WARN_CONSTANT_CONVERSION = YES;
				CLANG_WARN_DEPRECATED_OBJC_IMPLEMENTATIONS = YES;
				CLANG_WARN_DIRECT_OBJC_ISA_USAGE = YES_ERROR;
				CLANG_WARN_DOCUMENTATION_COMMENTS = YES;
				CLANG_WARN_EMPTY_BODY = YES;
				CLANG_WARN_ENUM_CONVERSION = YES;
				CLANG_WARN_INFINITE_RECURSION = YES;
				CLANG_WARN_INT_CONVERSION = YES;
				CLANG_WARN_NON_LITERAL_NULL_CONVERSION = YES;
				CLANG_WARN_OBJC_IMPLICIT_RETAIN_SELF = YES;
				CLANG_WARN_OBJC_LITERAL_CONVERSION = YES;
				CLANG_WARN_OBJC_ROOT_CLASS = YES_ERROR;
				CLANG_WARN_QUOTED_INCLUDE_IN_FRAMEWORK_HEADER = YES;
				CLANG_WARN_RANGE_LOOP_ANALYSIS = YES;
				CLANG_WARN_STRICT_PROTOTYPES = YES;
				CLANG_WARN_SUSPICIOUS_MOVE = YES;
				CLANG_WARN_UNGUARDED_AVAILABILITY = YES_AGGRESSIVE;
				CLANG_WARN_UNREACHABLE_CODE = YES;
				CLANG_WARN__DUPLICATE_METHOD_MATCH = YES;
				COPY_PHASE_STRIP = NO;
				DEBUG_INFORMATION_FORMAT = "dwarf-with-dsym";
				ENABLE_NS_ASSERTIONS = NO;
				ENABLE_STRICT_OBJC_MSGSEND = YES;
				GCC_C_LANGUAGE_STANDARD = gnu11;
				GCC_NO_COMMON_BLOCKS = YES;
				GCC_WARN_64_TO_32_BIT_CONVERSION = YES;
				GCC_WARN_ABOUT_RETURN_TYPE = YES_ERROR;
				GCC_WARN_UNDECLARED_SELECTOR = YES;
				GCC_WARN_UNINITIALIZED_AUTOS = YES_AGGRESSIVE;
				GCC_WARN_UNUSED_FUNCTION = YES;
				GCC_WARN_UNUSED_VARIABLE = YES;
				MTL_ENABLE_DEBUG_INFO = NO;
				MTL_FAST_MATH = YES;
				SWIFT_COMPILATION_MODE = wholemodule;
				SWIFT_OPTIMIZATION_LEVEL = "-O";
			};
			name = Release;
		};
		A1A365212A9845A600C929C1 /* Debug */ = {
			isa = XCBuildConfiguration;
			buildSettings = {
				ASSETCATALOG_COMPILER_APPICON_NAME = AppIcon;
				ASSETCATALOG_COMPILER_GLOBAL_ACCENT_COLOR_NAME = AccentColor;
				CODE_SIGN_ENTITLEMENTS = BikeTrack/BikeTrack.entitlements;
				CODE_SIGN_STYLE = Automatic;
				CURRENT_PROJECT_VERSION = 1;
				DEVELOPMENT_ASSET_PATHS = "\"BikeTrack/Preview Content\"";
				DEVELOPMENT_TEAM = UCQ34HG3SB;
				ENABLE_HARDENED_RUNTIME = YES;
				ENABLE_PREVIEWS = YES;
				GENERATE_INFOPLIST_FILE = YES;
				"INFOPLIST_KEY_UIApplicationSceneManifest_Generation[sdk=iphoneos*]" = YES;
				"INFOPLIST_KEY_UIApplicationSceneManifest_Generation[sdk=iphonesimulator*]" = YES;
				"INFOPLIST_KEY_UIApplicationSupportsIndirectInputEvents[sdk=iphoneos*]" = YES;
				"INFOPLIST_KEY_UIApplicationSupportsIndirectInputEvents[sdk=iphonesimulator*]" = YES;
				"INFOPLIST_KEY_UILaunchScreen_Generation[sdk=iphoneos*]" = YES;
				"INFOPLIST_KEY_UILaunchScreen_Generation[sdk=iphonesimulator*]" = YES;
				"INFOPLIST_KEY_UIStatusBarStyle[sdk=iphoneos*]" = UIStatusBarStyleDefault;
				"INFOPLIST_KEY_UIStatusBarStyle[sdk=iphonesimulator*]" = UIStatusBarStyleDefault;
				INFOPLIST_KEY_UISupportedInterfaceOrientations_iPad = "UIInterfaceOrientationPortrait UIInterfaceOrientationPortraitUpsideDown UIInterfaceOrientationLandscapeLeft UIInterfaceOrientationLandscapeRight";
				INFOPLIST_KEY_UISupportedInterfaceOrientations_iPhone = "UIInterfaceOrientationPortrait UIInterfaceOrientationLandscapeLeft UIInterfaceOrientationLandscapeRight";
				IPHONEOS_DEPLOYMENT_TARGET = 16.4;
				LD_RUNPATH_SEARCH_PATHS = "@executable_path/Frameworks";
				"LD_RUNPATH_SEARCH_PATHS[sdk=macosx*]" = "@executable_path/../Frameworks";
				MACOSX_DEPLOYMENT_TARGET = 13.3;
				MARKETING_VERSION = 1.0;
				PRODUCT_BUNDLE_IDENTIFIER = au.com.stripysock.BikeTrack;
				PRODUCT_NAME = "$(TARGET_NAME)";
				SDKROOT = auto;
				SUPPORTED_PLATFORMS = "iphoneos iphonesimulator macosx";
				SWIFT_EMIT_LOC_STRINGS = YES;
				SWIFT_VERSION = 5.0;
				TARGETED_DEVICE_FAMILY = "1,2";
			};
			name = Debug;
		};
		A1A365222A9845A600C929C1 /* Release */ = {
			isa = XCBuildConfiguration;
			buildSettings = {
				ASSETCATALOG_COMPILER_APPICON_NAME = AppIcon;
				ASSETCATALOG_COMPILER_GLOBAL_ACCENT_COLOR_NAME = AccentColor;
				CODE_SIGN_ENTITLEMENTS = BikeTrack/BikeTrack.entitlements;
				CODE_SIGN_STYLE = Automatic;
				CURRENT_PROJECT_VERSION = 1;
				DEVELOPMENT_ASSET_PATHS = "\"BikeTrack/Preview Content\"";
				DEVELOPMENT_TEAM = UCQ34HG3SB;
				ENABLE_HARDENED_RUNTIME = YES;
				ENABLE_PREVIEWS = YES;
				GENERATE_INFOPLIST_FILE = YES;
				"INFOPLIST_KEY_UIApplicationSceneManifest_Generation[sdk=iphoneos*]" = YES;
				"INFOPLIST_KEY_UIApplicationSceneManifest_Generation[sdk=iphonesimulator*]" = YES;
				"INFOPLIST_KEY_UIApplicationSupportsIndirectInputEvents[sdk=iphoneos*]" = YES;
				"INFOPLIST_KEY_UIApplicationSupportsIndirectInputEvents[sdk=iphonesimulator*]" = YES;
				"INFOPLIST_KEY_UILaunchScreen_Generation[sdk=iphoneos*]" = YES;
				"INFOPLIST_KEY_UILaunchScreen_Generation[sdk=iphonesimulator*]" = YES;
				"INFOPLIST_KEY_UIStatusBarStyle[sdk=iphoneos*]" = UIStatusBarStyleDefault;
				"INFOPLIST_KEY_UIStatusBarStyle[sdk=iphonesimulator*]" = UIStatusBarStyleDefault;
				INFOPLIST_KEY_UISupportedInterfaceOrientations_iPad = "UIInterfaceOrientationPortrait UIInterfaceOrientationPortraitUpsideDown UIInterfaceOrientationLandscapeLeft UIInterfaceOrientationLandscapeRight";
				INFOPLIST_KEY_UISupportedInterfaceOrientations_iPhone = "UIInterfaceOrientationPortrait UIInterfaceOrientationLandscapeLeft UIInterfaceOrientationLandscapeRight";
				IPHONEOS_DEPLOYMENT_TARGET = 16.4;
				LD_RUNPATH_SEARCH_PATHS = "@executable_path/Frameworks";
				"LD_RUNPATH_SEARCH_PATHS[sdk=macosx*]" = "@executable_path/../Frameworks";
				MACOSX_DEPLOYMENT_TARGET = 13.3;
				MARKETING_VERSION = 1.0;
				PRODUCT_BUNDLE_IDENTIFIER = au.com.stripysock.BikeTrack;
				PRODUCT_NAME = "$(TARGET_NAME)";
				SDKROOT = auto;
				SUPPORTED_PLATFORMS = "iphoneos iphonesimulator macosx";
				SWIFT_EMIT_LOC_STRINGS = YES;
				SWIFT_VERSION = 5.0;
				TARGETED_DEVICE_FAMILY = "1,2";
			};
			name = Release;
		};
		A1A365242A9845A600C929C1 /* Debug */ = {
			isa = XCBuildConfiguration;
			buildSettings = {
				ALWAYS_EMBED_SWIFT_STANDARD_LIBRARIES = YES;
				BUNDLE_LOADER = "$(TEST_HOST)";
				CODE_SIGN_STYLE = Automatic;
				CURRENT_PROJECT_VERSION = 1;
				DEVELOPMENT_TEAM = UCQ34HG3SB;
				GENERATE_INFOPLIST_FILE = YES;
				IPHONEOS_DEPLOYMENT_TARGET = 16.4;
				MACOSX_DEPLOYMENT_TARGET = 13.3;
				MARKETING_VERSION = 1.0;
				PRODUCT_BUNDLE_IDENTIFIER = au.com.stripysock.BikeTrackTests;
				PRODUCT_NAME = "$(TARGET_NAME)";
				SDKROOT = auto;
				SUPPORTED_PLATFORMS = "iphoneos iphonesimulator macosx";
				SWIFT_EMIT_LOC_STRINGS = NO;
				SWIFT_VERSION = 5.0;
				TARGETED_DEVICE_FAMILY = "1,2";
				TEST_HOST = "$(BUILT_PRODUCTS_DIR)/BikeTrack.app/$(BUNDLE_EXECUTABLE_FOLDER_PATH)/BikeTrack";
			};
			name = Debug;
		};
		A1A365252A9845A600C929C1 /* Release */ = {
			isa = XCBuildConfiguration;
			buildSettings = {
				ALWAYS_EMBED_SWIFT_STANDARD_LIBRARIES = YES;
				BUNDLE_LOADER = "$(TEST_HOST)";
				CODE_SIGN_STYLE = Automatic;
				CURRENT_PROJECT_VERSION = 1;
				DEVELOPMENT_TEAM = UCQ34HG3SB;
				GENERATE_INFOPLIST_FILE = YES;
				IPHONEOS_DEPLOYMENT_TARGET = 16.4;
				MACOSX_DEPLOYMENT_TARGET = 13.3;
				MARKETING_VERSION = 1.0;
				PRODUCT_BUNDLE_IDENTIFIER = au.com.stripysock.BikeTrackTests;
				PRODUCT_NAME = "$(TARGET_NAME)";
				SDKROOT = auto;
				SUPPORTED_PLATFORMS = "iphoneos iphonesimulator macosx";
				SWIFT_EMIT_LOC_STRINGS = NO;
				SWIFT_VERSION = 5.0;
				TARGETED_DEVICE_FAMILY = "1,2";
				TEST_HOST = "$(BUILT_PRODUCTS_DIR)/BikeTrack.app/$(BUNDLE_EXECUTABLE_FOLDER_PATH)/BikeTrack";
			};
			name = Release;
		};
		A1A365272A9845A600C929C1 /* Debug */ = {
			isa = XCBuildConfiguration;
			buildSettings = {
				ALWAYS_EMBED_SWIFT_STANDARD_LIBRARIES = YES;
				CODE_SIGN_STYLE = Automatic;
				CURRENT_PROJECT_VERSION = 1;
				DEVELOPMENT_TEAM = UCQ34HG3SB;
				GENERATE_INFOPLIST_FILE = YES;
				IPHONEOS_DEPLOYMENT_TARGET = 16.4;
				MACOSX_DEPLOYMENT_TARGET = 13.3;
				MARKETING_VERSION = 1.0;
				PRODUCT_BUNDLE_IDENTIFIER = au.com.stripysock.BikeTrackUITests;
				PRODUCT_NAME = "$(TARGET_NAME)";
				SDKROOT = auto;
				SUPPORTED_PLATFORMS = "iphoneos iphonesimulator macosx";
				SWIFT_EMIT_LOC_STRINGS = NO;
				SWIFT_VERSION = 5.0;
				TARGETED_DEVICE_FAMILY = "1,2";
				TEST_TARGET_NAME = BikeTrack;
			};
			name = Debug;
		};
		A1A365282A9845A600C929C1 /* Release */ = {
			isa = XCBuildConfiguration;
			buildSettings = {
				ALWAYS_EMBED_SWIFT_STANDARD_LIBRARIES = YES;
				CODE_SIGN_STYLE = Automatic;
				CURRENT_PROJECT_VERSION = 1;
				DEVELOPMENT_TEAM = UCQ34HG3SB;
				GENERATE_INFOPLIST_FILE = YES;
				IPHONEOS_DEPLOYMENT_TARGET = 16.4;
				MACOSX_DEPLOYMENT_TARGET = 13.3;
				MARKETING_VERSION = 1.0;
				PRODUCT_BUNDLE_IDENTIFIER = au.com.stripysock.BikeTrackUITests;
				PRODUCT_NAME = "$(TARGET_NAME)";
				SDKROOT = auto;
				SUPPORTED_PLATFORMS = "iphoneos iphonesimulator macosx";
				SWIFT_EMIT_LOC_STRINGS = NO;
				SWIFT_VERSION = 5.0;
				TARGETED_DEVICE_FAMILY = "1,2";
				TEST_TARGET_NAME = BikeTrack;
			};
			name = Release;
		};
/* End XCBuildConfiguration section */

/* Begin XCConfigurationList section */
		A1A364F62A9845A500C929C1 /* Build configuration list for PBXProject "BikeTrack" */ = {
			isa = XCConfigurationList;
			buildConfigurations = (
				A1A3651E2A9845A600C929C1 /* Debug */,
				A1A3651F2A9845A600C929C1 /* Release */,
			);
			defaultConfigurationIsVisible = 0;
			defaultConfigurationName = Release;
		};
		A1A365202A9845A600C929C1 /* Build configuration list for PBXNativeTarget "BikeTrack" */ = {
			isa = XCConfigurationList;
			buildConfigurations = (
				A1A365212A9845A600C929C1 /* Debug */,
				A1A365222A9845A600C929C1 /* Release */,
			);
			defaultConfigurationIsVisible = 0;
			defaultConfigurationName = Release;
		};
		A1A365232A9845A600C929C1 /* Build configuration list for PBXNativeTarget "BikeTrackTests" */ = {
			isa = XCConfigurationList;
			buildConfigurations = (
				A1A365242A9845A600C929C1 /* Debug */,
				A1A365252A9845A600C929C1 /* Release */,
			);
			defaultConfigurationIsVisible = 0;
			defaultConfigurationName = Release;
		};
		A1A365262A9845A600C929C1 /* Build configuration list for PBXNativeTarget "BikeTrackUITests" */ = {
			isa = XCConfigurationList;
			buildConfigurations = (
				A1A365272A9845A600C929C1 /* Debug */,
				A1A365282A9845A600C929C1 /* Release */,
			);
			defaultConfigurationIsVisible = 0;
			defaultConfigurationName = Release;
		};
/* End XCConfigurationList section */
	};
	rootObject = A1A364F32A9845A500C929C1 /* Project object */;
}
